// !$*UTF8*$!
{
	archiveVersion = 1;
	classes = {
	};
	objectVersion = 46;
	objects = {

/* Begin PBXBuildFile section */
		9F54DD731A39B867008B92B5 /* PlaySoundViewController.swift in Sources */ = {isa = PBXBuildFile; fileRef = 9F54DD721A39B867008B92B5 /* PlaySoundViewController.swift */; };
		9F54DD771A39CB02008B92B5 /* movie_quote.mp3 in Resources */ = {isa = PBXBuildFile; fileRef = 9F54DD761A39CB02008B92B5 /* movie_quote.mp3 */; };
		9F9C7E511A35D0FB00D09BF8 /* AppDelegate.swift in Sources */ = {isa = PBXBuildFile; fileRef = 9F9C7E501A35D0FB00D09BF8 /* AppDelegate.swift */; };
		9F9C7E531A35D0FB00D09BF8 /* RecordSoundsViewController.swift in Sources */ = {isa = PBXBuildFile; fileRef = 9F9C7E521A35D0FB00D09BF8 /* RecordSoundsViewController.swift */; };
		9F9C7E561A35D0FB00D09BF8 /* Main.storyboard in Resources */ = {isa = PBXBuildFile; fileRef = 9F9C7E541A35D0FB00D09BF8 /* Main.storyboard */; };
		9F9C7E581A35D0FB00D09BF8 /* Images.xcassets in Resources */ = {isa = PBXBuildFile; fileRef = 9F9C7E571A35D0FB00D09BF8 /* Images.xcassets */; };
		9F9C7E5B1A35D0FB00D09BF8 /* LaunchScreen.xib in Resources */ = {isa = PBXBuildFile; fileRef = 9F9C7E591A35D0FB00D09BF8 /* LaunchScreen.xib */; };
		9F9C7E671A35D0FB00D09BF8 /* Pitch_PerfectTests.swift in Sources */ = {isa = PBXBuildFile; fileRef = 9F9C7E661A35D0FB00D09BF8 /* Pitch_PerfectTests.swift */; };
		9FBEC4161A3B09CA006D4296 /* RecordedAudio.swift in Sources */ = {isa = PBXBuildFile; fileRef = 9FBEC4151A3B09CA006D4296 /* RecordedAudio.swift */; };
/* End PBXBuildFile section */

/* Begin PBXContainerItemProxy section */
		9F9C7E611A35D0FB00D09BF8 /* PBXContainerItemProxy */ = {
			isa = PBXContainerItemProxy;
			containerPortal = 9F9C7E431A35D0FB00D09BF8 /* Project object */;
			proxyType = 1;
			remoteGlobalIDString = 9F9C7E4A1A35D0FB00D09BF8;
			remoteInfo = "Pitch Perfect";
		};
/* End PBXContainerItemProxy section */

/* Begin PBXFileReference section */
		9F54DD721A39B867008B92B5 /* PlaySoundViewController.swift */ = {isa = PBXFileReference; fileEncoding = 4; lastKnownFileType = sourcecode.swift; path = PlaySoundViewController.swift; sourceTree = "<group>"; };
		9F54DD741A39CAD0008B92B5 /* AVFoundation.framework */ = {isa = PBXFileReference; lastKnownFileType = wrapper.framework; name = AVFoundation.framework; path = System/Library/Frameworks/AVFoundation.framework; sourceTree = SDKROOT; };
		9F54DD761A39CB02008B92B5 /* movie_quote.mp3 */ = {isa = PBXFileReference; lastKnownFileType = audio.mp3; name = movie_quote.mp3; path = ../../../Downloads/movie_quote.mp3; sourceTree = "<group>"; };
		9F9C7E4B1A35D0FB00D09BF8 /* Pitch Perfect.app */ = {isa = PBXFileReference; explicitFileType = wrapper.application; includeInIndex = 0; path = "Pitch Perfect.app"; sourceTree = BUILT_PRODUCTS_DIR; };
		9F9C7E4F1A35D0FB00D09BF8 /* Info.plist */ = {isa = PBXFileReference; lastKnownFileType = text.plist.xml; path = Info.plist; sourceTree = "<group>"; };
		9F9C7E501A35D0FB00D09BF8 /* AppDelegate.swift */ = {isa = PBXFileReference; lastKnownFileType = sourcecode.swift; path = AppDelegate.swift; sourceTree = "<group>"; };
		9F9C7E521A35D0FB00D09BF8 /* RecordSoundsViewController.swift */ = {isa = PBXFileReference; lastKnownFileType = sourcecode.swift; path = RecordSoundsViewController.swift; sourceTree = "<group>"; };
		9F9C7E551A35D0FB00D09BF8 /* Base */ = {isa = PBXFileReference; lastKnownFileType = file.storyboard; name = Base; path = Base.lproj/Main.storyboard; sourceTree = "<group>"; };
		9F9C7E571A35D0FB00D09BF8 /* Images.xcassets */ = {isa = PBXFileReference; lastKnownFileType = folder.assetcatalog; path = Images.xcassets; sourceTree = "<group>"; };
		9F9C7E5A1A35D0FB00D09BF8 /* Base */ = {isa = PBXFileReference; lastKnownFileType = file.xib; name = Base; path = Base.lproj/LaunchScreen.xib; sourceTree = "<group>"; };
		9F9C7E601A35D0FB00D09BF8 /* Pitch PerfectTests.xctest */ = {isa = PBXFileReference; explicitFileType = wrapper.cfbundle; includeInIndex = 0; path = "Pitch PerfectTests.xctest"; sourceTree = BUILT_PRODUCTS_DIR; };
		9F9C7E651A35D0FB00D09BF8 /* Info.plist */ = {isa = PBXFileReference; lastKnownFileType = text.plist.xml; path = Info.plist; sourceTree = "<group>"; };
		9F9C7E661A35D0FB00D09BF8 /* Pitch_PerfectTests.swift */ = {isa = PBXFileReference; lastKnownFileType = sourcecode.swift; path = Pitch_PerfectTests.swift; sourceTree = "<group>"; };
		9FBEC4151A3B09CA006D4296 /* RecordedAudio.swift */ = {isa = PBXFileReference; fileEncoding = 4; lastKnownFileType = sourcecode.swift; path = RecordedAudio.swift; sourceTree = "<group>"; };
/* End PBXFileReference section */

/* Begin PBXFrameworksBuildPhase section */
		9F9C7E481A35D0FB00D09BF8 /* Frameworks */ = {
			isa = PBXFrameworksBuildPhase;
			buildActionMask = 2147483647;
			files = (
			);
			runOnlyForDeploymentPostprocessing = 0;
		};
		9F9C7E5D1A35D0FB00D09BF8 /* Frameworks */ = {
			isa = PBXFrameworksBuildPhase;
			buildActionMask = 2147483647;
			files = (
			);
			runOnlyForDeploymentPostprocessing = 0;
		};
/* End PBXFrameworksBuildPhase section */

/* Begin PBXGroup section */
		9F9C7E421A35D0FB00D09BF8 = {
			isa = PBXGroup;
			children = (
				9F54DD741A39CAD0008B92B5 /* AVFoundation.framework */,
				9F9C7E4D1A35D0FB00D09BF8 /* Pitch Perfect */,
				9F9C7E631A35D0FB00D09BF8 /* Pitch PerfectTests */,
				9F9C7E4C1A35D0FB00D09BF8 /* Products */,
			);
			sourceTree = "<group>";
		};
		9F9C7E4C1A35D0FB00D09BF8 /* Products */ = {
			isa = PBXGroup;
			children = (
				9F9C7E4B1A35D0FB00D09BF8 /* Pitch Perfect.app */,
				9F9C7E601A35D0FB00D09BF8 /* Pitch PerfectTests.xctest */,
			);
			name = Products;
			sourceTree = "<group>";
		};
		9F9C7E4D1A35D0FB00D09BF8 /* Pitch Perfect */ = {
			isa = PBXGroup;
			children = (
				9F9C7E501A35D0FB00D09BF8 /* AppDelegate.swift */,
				9F9C7E521A35D0FB00D09BF8 /* RecordSoundsViewController.swift */,
				9F9C7E541A35D0FB00D09BF8 /* Main.storyboard */,
				9FBEC4151A3B09CA006D4296 /* RecordedAudio.swift */,
				9F54DD721A39B867008B92B5 /* PlaySoundViewController.swift */,
				9F9C7E571A35D0FB00D09BF8 /* Images.xcassets */,
				9F9C7E591A35D0FB00D09BF8 /* LaunchScreen.xib */,
				9F9C7E4E1A35D0FB00D09BF8 /* Supporting Files */,
			);
			path = "Pitch Perfect";
			sourceTree = "<group>";
		};
		9F9C7E4E1A35D0FB00D09BF8 /* Supporting Files */ = {
			isa = PBXGroup;
			children = (
				9F54DD761A39CB02008B92B5 /* movie_quote.mp3 */,
				9F9C7E4F1A35D0FB00D09BF8 /* Info.plist */,
			);
			name = "Supporting Files";
			sourceTree = "<group>";
		};
		9F9C7E631A35D0FB00D09BF8 /* Pitch PerfectTests */ = {
			isa = PBXGroup;
			children = (
				9F9C7E661A35D0FB00D09BF8 /* Pitch_PerfectTests.swift */,
				9F9C7E641A35D0FB00D09BF8 /* Supporting Files */,
			);
			path = "Pitch PerfectTests";
			sourceTree = "<group>";
		};
		9F9C7E641A35D0FB00D09BF8 /* Supporting Files */ = {
			isa = PBXGroup;
			children = (
				9F9C7E651A35D0FB00D09BF8 /* Info.plist */,
			);
			name = "Supporting Files";
			sourceTree = "<group>";
		};
/* End PBXGroup section */

/* Begin PBXNativeTarget section */
		9F9C7E4A1A35D0FB00D09BF8 /* Pitch Perfect */ = {
			isa = PBXNativeTarget;
			buildConfigurationList = 9F9C7E6A1A35D0FB00D09BF8 /* Build configuration list for PBXNativeTarget "Pitch Perfect" */;
			buildPhases = (
				9F9C7E471A35D0FB00D09BF8 /* Sources */,
				9F9C7E481A35D0FB00D09BF8 /* Frameworks */,
				9F9C7E491A35D0FB00D09BF8 /* Resources */,
			);
			buildRules = (
			);
			dependencies = (
			);
			name = "Pitch Perfect";
			productName = "Pitch Perfect";
			productReference = 9F9C7E4B1A35D0FB00D09BF8 /* Pitch Perfect.app */;
			productType = "com.apple.product-type.application";
		};
		9F9C7E5F1A35D0FB00D09BF8 /* Pitch PerfectTests */ = {
			isa = PBXNativeTarget;
			buildConfigurationList = 9F9C7E6D1A35D0FB00D09BF8 /* Build configuration list for PBXNativeTarget "Pitch PerfectTests" */;
			buildPhases = (
				9F9C7E5C1A35D0FB00D09BF8 /* Sources */,
				9F9C7E5D1A35D0FB00D09BF8 /* Frameworks */,
				9F9C7E5E1A35D0FB00D09BF8 /* Resources */,
			);
			buildRules = (
			);
			dependencies = (
				9F9C7E621A35D0FB00D09BF8 /* PBXTargetDependency */,
			);
			name = "Pitch PerfectTests";
			productName = "Pitch PerfectTests";
			productReference = 9F9C7E601A35D0FB00D09BF8 /* Pitch PerfectTests.xctest */;
			productType = "com.apple.product-type.bundle.unit-test";
		};
/* End PBXNativeTarget section */

/* Begin PBXProject section */
		9F9C7E431A35D0FB00D09BF8 /* Project object */ = {
			isa = PBXProject;
			attributes = {
				LastUpgradeCheck = 0610;
				ORGANIZATIONNAME = "Daniel Tse";
				TargetAttributes = {
					9F9C7E4A1A35D0FB00D09BF8 = {
						CreatedOnToolsVersion = 6.1.1;
					};
					9F9C7E5F1A35D0FB00D09BF8 = {
						CreatedOnToolsVersion = 6.1.1;
						TestTargetID = 9F9C7E4A1A35D0FB00D09BF8;
					};
				};
			};
			buildConfigurationList = 9F9C7E461A35D0FB00D09BF8 /* Build configuration list for PBXProject "Pitch Perfect" */;
			compatibilityVersion = "Xcode 3.2";
			developmentRegion = English;
			hasScannedForEncodings = 0;
			knownRegions = (
				en,
				Base,
			);
			mainGroup = 9F9C7E421A35D0FB00D09BF8;
			productRefGroup = 9F9C7E4C1A35D0FB00D09BF8 /* Products */;
			projectDirPath = "";
			projectRoot = "";
			targets = (
				9F9C7E4A1A35D0FB00D09BF8 /* Pitch Perfect */,
				9F9C7E5F1A35D0FB00D09BF8 /* Pitch PerfectTests */,
			);
		};
/* End PBXProject section */

/* Begin PBXResourcesBuildPhase section */
		9F9C7E491A35D0FB00D09BF8 /* Resources */ = {
			isa = PBXResourcesBuildPhase;
			buildActionMask = 2147483647;
			files = (
				9F9C7E561A35D0FB00D09BF8 /* Main.storyboard in Resources */,
				9F9C7E5B1A35D0FB00D09BF8 /* LaunchScreen.xib in Resources */,
				9F54DD771A39CB02008B92B5 /* movie_quote.mp3 in Resources */,
				9F9C7E581A35D0FB00D09BF8 /* Images.xcassets in Resources */,
			);
			runOnlyForDeploymentPostprocessing = 0;
		};
		9F9C7E5E1A35D0FB00D09BF8 /* Resources */ = {
			isa = PBXResourcesBuildPhase;
			buildActionMask = 2147483647;
			files = (
			);
			runOnlyForDeploymentPostprocessing = 0;
		};
/* End PBXResourcesBuildPhase section */

/* Begin PBXSourcesBuildPhase section */
		9F9C7E471A35D0FB00D09BF8 /* Sources */ = {
			isa = PBXSourcesBuildPhase;
			buildActionMask = 2147483647;
			files = (
				9FBEC4161A3B09CA006D4296 /* RecordedAudio.swift in Sources */,
				9F9C7E531A35D0FB00D09BF8 /* RecordSoundsViewController.swift in Sources */,
				9F54DD731A39B867008B92B5 /* PlaySoundViewController.swift in Sources */,
				9F9C7E511A35D0FB00D09BF8 /* AppDelegate.swift in Sources */,
			);
			runOnlyForDeploymentPostprocessing = 0;
		};
		9F9C7E5C1A35D0FB00D09BF8 /* Sources */ = {
			isa = PBXSourcesBuildPhase;
			buildActionMask = 2147483647;
			files = (
				9F9C7E671A35D0FB00D09BF8 /* Pitch_PerfectTests.swift in Sources */,
			);
			runOnlyForDeploymentPostprocessing = 0;
		};
/* End PBXSourcesBuildPhase section */

/* Begin PBXTargetDependency section */
		9F9C7E621A35D0FB00D09BF8 /* PBXTargetDependency */ = {
			isa = PBXTargetDependency;
			target = 9F9C7E4A1A35D0FB00D09BF8 /* Pitch Perfect */;
			targetProxy = 9F9C7E611A35D0FB00D09BF8 /* PBXContainerItemProxy */;
		};
/* End PBXTargetDependency section */

/* Begin PBXVariantGroup section */
		9F9C7E541A35D0FB00D09BF8 /* Main.storyboard */ = {
			isa = PBXVariantGroup;
			children = (
				9F9C7E551A35D0FB00D09BF8 /* Base */,
			);
			name = Main.storyboard;
			sourceTree = "<group>";
		};
		9F9C7E591A35D0FB00D09BF8 /* LaunchScreen.xib */ = {
			isa = PBXVariantGroup;
			children = (
				9F9C7E5A1A35D0FB00D09BF8 /* Base */,
			);
			name = LaunchScreen.xib;
			sourceTree = "<group>";
		};
/* End PBXVariantGroup section */

/* Begin XCBuildConfiguration section */
		9F9C7E681A35D0FB00D09BF8 /* Debug */ = {
			isa = XCBuildConfiguration;
			buildSettings = {
				ALWAYS_SEARCH_USER_PATHS = NO;
				CLANG_CXX_LANGUAGE_STANDARD = "gnu++0x";
				CLANG_CXX_LIBRARY = "libc++";
				CLANG_ENABLE_MODULES = YES;
				CLANG_ENABLE_OBJC_ARC = YES;
				CLANG_WARN_BOOL_CONVERSION = YES;
				CLANG_WARN_CONSTANT_CONVERSION = YES;
				CLANG_WARN_DIRECT_OBJC_ISA_USAGE = YES_ERROR;
				CLANG_WARN_EMPTY_BODY = YES;
				CLANG_WARN_ENUM_CONVERSION = YES;
				CLANG_WARN_INT_CONVERSION = YES;
				CLANG_WARN_OBJC_ROOT_CLASS = YES_ERROR;
				CLANG_WARN_UNREACHABLE_CODE = YES;
				CLANG_WARN__DUPLICATE_METHOD_MATCH = YES;
				"CODE_SIGN_IDENTITY[sdk=iphoneos*]" = "iPhone Developer";
				COPY_PHASE_STRIP = NO;
				ENABLE_STRICT_OBJC_MSGSEND = YES;
				GCC_C_LANGUAGE_STANDARD = gnu99;
				GCC_DYNAMIC_NO_PIC = NO;
				GCC_OPTIMIZATION_LEVEL = 0;
				GCC_PREPROCESSOR_DEFINITIONS = (
					"DEBUG=1",
					"$(inherited)",
				);
				GCC_SYMBOLS_PRIVATE_EXTERN = NO;
				GCC_WARN_64_TO_32_BIT_CONVERSION = YES;
				GCC_WARN_ABOUT_RETURN_TYPE = YES_ERROR;
				GCC_WARN_UNDECLARED_SELECTOR = YES;
				GCC_WARN_UNINITIALIZED_AUTOS = YES_AGGRESSIVE;
				GCC_WARN_UNUSED_FUNCTION = YES;
				GCC_WARN_UNUSED_VARIABLE = YES;
				IPHONEOS_DEPLOYMENT_TARGET = 8.1;
				MTL_ENABLE_DEBUG_INFO = YES;
				ONLY_ACTIVE_ARCH = YES;
				SDKROOT = iphoneos;
				SWIFT_OPTIMIZATION_LEVEL = "-Onone";
			};
			name = Debug;
		};
		9F9C7E691A35D0FB00D09BF8 /* Release */ = {
			isa = XCBuildConfiguration;
			buildSettings = {
				ALWAYS_SEARCH_USER_PATHS = NO;
				CLANG_CXX_LANGUAGE_STANDARD = "gnu++0x";
				CLANG_CXX_LIBRARY = "libc++";
				CLANG_ENABLE_MODULES = YES;
				CLANG_ENABLE_OBJC_ARC = YES;
				CLANG_WARN_BOOL_CONVERSION = YES;
				CLANG_WARN_CONSTANT_CONVERSION = YES;
				CLANG_WARN_DIRECT_OBJC_ISA_USAGE = YES_ERROR;
				CLANG_WARN_EMPTY_BODY = YES;
				CLANG_WARN_ENUM_CONVERSION = YES;
				CLANG_WARN_INT_CONVERSION = YES;
				CLANG_WARN_OBJC_ROOT_CLASS = YES_ERROR;
				CLANG_WARN_UNREACHABLE_CODE = YES;
				CLANG_WARN__DUPLICATE_METHOD_MATCH = YES;
				"CODE_SIGN_IDENTITY[sdk=iphoneos*]" = "iPhone Developer";
				COPY_PHASE_STRIP = YES;
				ENABLE_NS_ASSERTIONS = NO;
				ENABLE_STRICT_OBJC_MSGSEND = YES;
				GCC_C_LANGUAGE_STANDARD = gnu99;
				GCC_WARN_64_TO_32_BIT_CONVERSION = YES;
				GCC_WARN_ABOUT_RETURN_TYPE = YES_ERROR;
				GCC_WARN_UNDECLARED_SELECTOR = YES;
				GCC_WARN_UNINITIALIZED_AUTOS = YES_AGGRESSIVE;
				GCC_WARN_UNUSED_FUNCTION = YES;
				GCC_WARN_UNUSED_VARIABLE = YES;
				IPHONEOS_DEPLOYMENT_TARGET = 8.1;
				MTL_ENABLE_DEBUG_INFO = NO;
				SDKROOT = iphoneos;
				VALIDATE_PRODUCT = YES;
			};
			name = Release;
		};
		9F9C7E6B1A35D0FB00D09BF8 /* Debug */ = {
			isa = XCBuildConfiguration;
			buildSettings = {
				ASSETCATALOG_COMPILER_APPICON_NAME = AppIcon;
				INFOPLIST_FILE = "Pitch Perfect/Info.plist";
				LD_RUNPATH_SEARCH_PATHS = "$(inherited) @executable_path/Frameworks";
				PRODUCT_NAME = "$(TARGET_NAME)";
			};
			name = Debug;
		};
		9F9C7E6C1A35D0FB00D09BF8 /* Release */ = {
			isa = XCBuildConfiguration;
			buildSettings = {
				ASSETCATALOG_COMPILER_APPICON_NAME = AppIcon;
				INFOPLIST_FILE = "Pitch Perfect/Info.plist";
				LD_RUNPATH_SEARCH_PATHS = "$(inherited) @executable_path/Frameworks";
				PRODUCT_NAME = "$(TARGET_NAME)";
			};
			name = Release;
		};
		9F9C7E6E1A35D0FB00D09BF8 /* Debug */ = {
			isa = XCBuildConfiguration;
			buildSettings = {
				BUNDLE_LOADER = "$(TEST_HOST)";
				FRAMEWORK_SEARCH_PATHS = (
					"$(SDKROOT)/Developer/Library/Frameworks",
					"$(inherited)",
				);
				GCC_PREPROCESSOR_DEFINITIONS = (
					"DEBUG=1",
					"$(inherited)",
				);
				INFOPLIST_FILE = "Pitch PerfectTests/Info.plist";
				LD_RUNPATH_SEARCH_PATHS = "$(inherited) @executable_path/Frameworks @loader_path/Frameworks";
				PRODUCT_NAME = "$(TARGET_NAME)";
				TEST_HOST = "$(BUILT_PRODUCTS_DIR)/Pitch Perfect.app/Pitch Perfect";
			};
			name = Debug;
		};
		9F9C7E6F1A35D0FB00D09BF8 /* Release */ = {
			isa = XCBuildConfiguration;
			buildSettings = {
				BUNDLE_LOADER = "$(TEST_HOST)";
				FRAMEWORK_SEARCH_PATHS = (
					"$(SDKROOT)/Developer/Library/Frameworks",
					"$(inherited)",
				);
				INFOPLIST_FILE = "Pitch PerfectTests/Info.plist";
				LD_RUNPATH_SEARCH_PATHS = "$(inherited) @executable_path/Frameworks @loader_path/Frameworks";
				PRODUCT_NAME = "$(TARGET_NAME)";
				TEST_HOST = "$(BUILT_PRODUCTS_DIR)/Pitch Perfect.app/Pitch Perfect";
			};
			name = Release;
		};
/* End XCBuildConfiguration section */

/* Begin XCConfigurationList section */
		9F9C7E461A35D0FB00D09BF8 /* Build configuration list for PBXProject "Pitch Perfect" */ = {
			isa = XCConfigurationList;
			buildConfigurations = (
				9F9C7E681A35D0FB00D09BF8 /* Debug */,
				9F9C7E691A35D0FB00D09BF8 /* Release */,
			);
			defaultConfigurationIsVisible = 0;
			defaultConfigurationName = Release;
		};
		9F9C7E6A1A35D0FB00D09BF8 /* Build configuration list for PBXNativeTarget "Pitch Perfect" */ = {
			isa = XCConfigurationList;
			buildConfigurations = (
				9F9C7E6B1A35D0FB00D09BF8 /* Debug */,
				9F9C7E6C1A35D0FB00D09BF8 /* Release */,
			);
			defaultConfigurationIsVisible = 0;
			defaultConfigurationName = Release;
		};
		9F9C7E6D1A35D0FB00D09BF8 /* Build configuration list for PBXNativeTarget "Pitch PerfectTests" */ = {
			isa = XCConfigurationList;
			buildConfigurations = (
				9F9C7E6E1A35D0FB00D09BF8 /* Debug */,
				9F9C7E6F1A35D0FB00D09BF8 /* Release */,
			);
			defaultConfigurationIsVisible = 0;
			defaultConfigurationName = Release;
		};
/* End XCConfigurationList section */
	};
	rootObject = 9F9C7E431A35D0FB00D09BF8 /* Project object */;
}
